
Microsoft Visual Studio Solution File, Format Version 12.00
# Visual Studio 2013
VisualStudioVersion = 12.0.31101.0
MinimumVisualStudioVersion = 10.0.40219.1
Project("{FAE04EC0-301F-11D3-BF4B-00C04F79EFBC}") = "DjvuApp.WindowsPhone", "DjvuApp\DjvuApp.WindowsPhone.csproj", "{1433696D-8528-4BDD-8479-5AD35DF8505D}"
EndProject
Project("{8BC9CEB8-8B4A-11D0-8D11-00A0C91BC942}") = "DjvuLibRT.WindowsPhone", "DjvuLibRT.WindowsPhone\DjvuLibRT.WindowsPhone.vcxproj", "{BB92369C-A4FD-4220-80F9-32A894161D5C}"
EndProject
Project("{2150E333-8FDC-42A3-9474-1A3956D46DE8}") = ".nuget", ".nuget", "{0E59AE51-7595-429B-B271-A754135B5931}"
	ProjectSection(SolutionItems) = preProject
		.nuget\NuGet.Config = .nuget\NuGet.Config
		.nuget\NuGet.exe = .nuget\NuGet.exe
		.nuget\NuGet.targets = .nuget\NuGet.targets
	EndProjectSection
EndProject
Project("{2150E333-8FDC-42A3-9474-1A3956D46DE8}") = "AssetsSources", "AssetsSources", "{3DA3F9EE-A6F3-4421-999D-C5C17FB97819}"
	ProjectSection(SolutionItems) = preProject
		AssetsSources\PageIcon.svg = AssetsSources\PageIcon.svg
		AssetsSources\SmallLogo.svg = AssetsSources\SmallLogo.svg
		AssetsSources\SplashScreen.svg = AssetsSources\SplashScreen.svg
		AssetsSources\Square71x71Logo.svg = AssetsSources\Square71x71Logo.svg
		AssetsSources\StoreLogo.svg = AssetsSources\StoreLogo.svg
		AssetsSources\WideLogo.svg = AssetsSources\WideLogo.svg
	EndProjectSection
EndProject
Project("{2150E333-8FDC-42A3-9474-1A3956D46DE8}") = "Store", "Store", "{0559B6B3-E309-44B5-BAE0-C20533F7D286}"
	ProjectSection(SolutionItems) = preProject
		Store\StoreLogo300x300.png = Store\StoreLogo300x300.png
		Store\StoreSquareLogo358x358.png = Store\StoreSquareLogo358x358.png
		Store\StoreWideLogo358x173.png = Store\StoreWideLogo358x173.png
	EndProjectSection
EndProject
Project("{2150E333-8FDC-42A3-9474-1A3956D46DE8}") = "Screenshots", "Screenshots", "{4457C2EE-1588-4190-8643-0716E1CA0148}"
EndProject
Project("{2150E333-8FDC-42A3-9474-1A3956D46DE8}") = "en", "en", "{CFBA9269-0C45-4724-9AA4-6465470FB692}"
	ProjectSection(SolutionItems) = preProject
		Store\Screenshots\en\1.png = Store\Screenshots\en\1.png
		Store\Screenshots\en\2.png = Store\Screenshots\en\2.png
		Store\Screenshots\en\3.png = Store\Screenshots\en\3.png
		Store\Screenshots\en\4.png = Store\Screenshots\en\4.png
		Store\Screenshots\en\5.png = Store\Screenshots\en\5.png
		Store\Screenshots\en\6.png = Store\Screenshots\en\6.png
		Store\Screenshots\en\7.png = Store\Screenshots\en\7.png
		Store\Screenshots\en\8.png = Store\Screenshots\en\8.png
	EndProjectSection
EndProject
Project("{2150E333-8FDC-42A3-9474-1A3956D46DE8}") = "ru", "ru", "{774769EA-59EA-44D4-AEB0-4F77EA6BA01B}"
	ProjectSection(SolutionItems) = preProject
		Store\Screenshots\ru\1.png = Store\Screenshots\ru\1.png
		Store\Screenshots\ru\2.png = Store\Screenshots\ru\2.png
		Store\Screenshots\ru\3.png = Store\Screenshots\ru\3.png
		Store\Screenshots\ru\4.png = Store\Screenshots\ru\4.png
		Store\Screenshots\ru\5.png = Store\Screenshots\ru\5.png
		Store\Screenshots\ru\6.png = Store\Screenshots\ru\6.png
		Store\Screenshots\ru\7.png = Store\Screenshots\ru\7.png
		Store\Screenshots\ru\8.png = Store\Screenshots\ru\8.png
	EndProjectSection
EndProject
Project("{2150E333-8FDC-42A3-9474-1A3956D46DE8}") = "DjvuLibRT", "DjvuLibRT", "{B80B666E-9DA6-4A8C-8340-9768ED9303F4}"
EndProject
Project("{8BC9CEB8-8B4A-11D0-8D11-00A0C91BC942}") = "DjvuLibRT.Shared", "DjvuLibRT.Shared\DjvuLibRT.Shared.vcxitems", "{4F641222-9453-48DD-A4AD-C883CEAA48EC}"
EndProject
Project("{8BC9CEB8-8B4A-11D0-8D11-00A0C91BC942}") = "DjvuLibRT.Windows", "DjvuLibRT.Windows\DjvuLibRT.Windows.vcxproj", "{3542BC63-A8C3-4ECF-918E-6EF50447CF3F}"
EndProject
Global
	GlobalSection(SharedMSBuildProjectFiles) = preSolution
		DjvuLibRT.Shared\DjvuLibRT.Shared.vcxitems*{3542bc63-a8c3-4ecf-918e-6ef50447cf3f}*SharedItemsImports = 4
		DjvuLibRT.Shared\DjvuLibRT.Shared.vcxitems*{4f641222-9453-48dd-a4ad-c883ceaa48ec}*SharedItemsImports = 9
		DjvuLibRT.Shared\DjvuLibRT.Shared.vcxitems*{bb92369c-a4fd-4220-80f9-32a894161d5c}*SharedItemsImports = 4
	EndGlobalSection
	GlobalSection(SolutionConfigurationPlatforms) = preSolution
		Debug|ARM = Debug|ARM
		Debug|x64 = Debug|x64
		Debug|x86 = Debug|x86
		Fast Debug|ARM = Fast Debug|ARM
		Fast Debug|x64 = Fast Debug|x64
		Fast Debug|x86 = Fast Debug|x86
		Production|ARM = Production|ARM
		Production|x64 = Production|x64
		Production|x86 = Production|x86
		Release|ARM = Release|ARM
		Release|x64 = Release|x64
		Release|x86 = Release|x86
	EndGlobalSection
	GlobalSection(ProjectConfigurationPlatforms) = postSolution
		{1433696D-8528-4BDD-8479-5AD35DF8505D}.Debug|ARM.ActiveCfg = Debug|ARM
		{1433696D-8528-4BDD-8479-5AD35DF8505D}.Debug|ARM.Build.0 = Debug|ARM
		{1433696D-8528-4BDD-8479-5AD35DF8505D}.Debug|ARM.Deploy.0 = Debug|ARM
		{1433696D-8528-4BDD-8479-5AD35DF8505D}.Debug|x64.ActiveCfg = Debug|ARM
		{1433696D-8528-4BDD-8479-5AD35DF8505D}.Debug|x86.ActiveCfg = Debug|ARM
		{1433696D-8528-4BDD-8479-5AD35DF8505D}.Fast Debug|ARM.ActiveCfg = Debug|ARM
		{1433696D-8528-4BDD-8479-5AD35DF8505D}.Fast Debug|ARM.Build.0 = Debug|ARM
		{1433696D-8528-4BDD-8479-5AD35DF8505D}.Fast Debug|ARM.Deploy.0 = Debug|ARM
		{1433696D-8528-4BDD-8479-5AD35DF8505D}.Fast Debug|x64.ActiveCfg = Debug|ARM
		{1433696D-8528-4BDD-8479-5AD35DF8505D}.Fast Debug|x86.ActiveCfg = Debug|ARM
		{1433696D-8528-4BDD-8479-5AD35DF8505D}.Production|ARM.ActiveCfg = Production|ARM
		{1433696D-8528-4BDD-8479-5AD35DF8505D}.Production|ARM.Build.0 = Production|ARM
		{1433696D-8528-4BDD-8479-5AD35DF8505D}.Production|ARM.Deploy.0 = Production|ARM
		{1433696D-8528-4BDD-8479-5AD35DF8505D}.Production|x64.ActiveCfg = Production|ARM
		{1433696D-8528-4BDD-8479-5AD35DF8505D}.Production|x86.ActiveCfg = Production|ARM
		{1433696D-8528-4BDD-8479-5AD35DF8505D}.Release|ARM.ActiveCfg = Release|ARM
		{1433696D-8528-4BDD-8479-5AD35DF8505D}.Release|ARM.Build.0 = Release|ARM
		{1433696D-8528-4BDD-8479-5AD35DF8505D}.Release|ARM.Deploy.0 = Release|ARM
		{1433696D-8528-4BDD-8479-5AD35DF8505D}.Release|x64.ActiveCfg = Release|ARM
		{1433696D-8528-4BDD-8479-5AD35DF8505D}.Release|x86.ActiveCfg = Release|ARM
		{BB92369C-A4FD-4220-80F9-32A894161D5C}.Debug|ARM.ActiveCfg = Debug|ARM
		{BB92369C-A4FD-4220-80F9-32A894161D5C}.Debug|ARM.Build.0 = Debug|ARM
		{BB92369C-A4FD-4220-80F9-32A894161D5C}.Debug|x64.ActiveCfg = Debug|ARM
		{BB92369C-A4FD-4220-80F9-32A894161D5C}.Debug|x86.ActiveCfg = Debug|ARM
		{BB92369C-A4FD-4220-80F9-32A894161D5C}.Fast Debug|ARM.ActiveCfg = Fast Debug|ARM
		{BB92369C-A4FD-4220-80F9-32A894161D5C}.Fast Debug|ARM.Build.0 = Fast Debug|ARM
		{BB92369C-A4FD-4220-80F9-32A894161D5C}.Fast Debug|x64.ActiveCfg = Fast Debug|ARM
		{BB92369C-A4FD-4220-80F9-32A894161D5C}.Fast Debug|x86.ActiveCfg = Fast Debug|ARM
		{BB92369C-A4FD-4220-80F9-32A894161D5C}.Production|ARM.ActiveCfg = Production|ARM
		{BB92369C-A4FD-4220-80F9-32A894161D5C}.Production|ARM.Build.0 = Production|ARM
		{BB92369C-A4FD-4220-80F9-32A894161D5C}.Production|x64.ActiveCfg = Production|ARM
		{BB92369C-A4FD-4220-80F9-32A894161D5C}.Production|x86.ActiveCfg = Production|ARM
		{BB92369C-A4FD-4220-80F9-32A894161D5C}.Release|ARM.ActiveCfg = Release|ARM
		{BB92369C-A4FD-4220-80F9-32A894161D5C}.Release|ARM.Build.0 = Release|ARM
		{BB92369C-A4FD-4220-80F9-32A894161D5C}.Release|x64.ActiveCfg = Release|ARM
		{BB92369C-A4FD-4220-80F9-32A894161D5C}.Release|x86.ActiveCfg = Release|ARM
		{3542BC63-A8C3-4ECF-918E-6EF50447CF3F}.Debug|ARM.ActiveCfg = Debug|ARM
		{3542BC63-A8C3-4ECF-918E-6EF50447CF3F}.Debug|ARM.Build.0 = Debug|ARM
		{3542BC63-A8C3-4ECF-918E-6EF50447CF3F}.Debug|x64.ActiveCfg = Debug|x64
		{3542BC63-A8C3-4ECF-918E-6EF50447CF3F}.Debug|x64.Build.0 = Debug|x64
		{3542BC63-A8C3-4ECF-918E-6EF50447CF3F}.Debug|x86.ActiveCfg = Debug|Win32
		{3542BC63-A8C3-4ECF-918E-6EF50447CF3F}.Debug|x86.Build.0 = Debug|Win32
		{3542BC63-A8C3-4ECF-918E-6EF50447CF3F}.Fast Debug|ARM.ActiveCfg = Fast Debug|ARM
		{3542BC63-A8C3-4ECF-918E-6EF50447CF3F}.Fast Debug|ARM.Build.0 = Fast Debug|ARM
		{3542BC63-A8C3-4ECF-918E-6EF50447CF3F}.Fast Debug|x64.ActiveCfg = Debug|x64
		{3542BC63-A8C3-4ECF-918E-6EF50447CF3F}.Fast Debug|x64.Build.0 = Debug|x64
		{3542BC63-A8C3-4ECF-918E-6EF50447CF3F}.Fast Debug|x86.ActiveCfg = Debug|Win32
		{3542BC63-A8C3-4ECF-918E-6EF50447CF3F}.Fast Debug|x86.Build.0 = Debug|Win32
		{3542BC63-A8C3-4ECF-918E-6EF50447CF3F}.Production|ARM.ActiveCfg = Release|ARM
		{3542BC63-A8C3-4ECF-918E-6EF50447CF3F}.Production|ARM.Build.0 = Release|ARM
		{3542BC63-A8C3-4ECF-918E-6EF50447CF3F}.Production|x64.ActiveCfg = Release|x64
		{3542BC63-A8C3-4ECF-918E-6EF50447CF3F}.Production|x64.Build.0 = Release|x64
		{3542BC63-A8C3-4ECF-918E-6EF50447CF3F}.Production|x86.ActiveCfg = Release|Win32
		{3542BC63-A8C3-4ECF-918E-6EF50447CF3F}.Production|x86.Build.0 = Release|Win32
		{3542BC63-A8C3-4ECF-918E-6EF50447CF3F}.Release|ARM.ActiveCfg = Release|ARM
		{3542BC63-A8C3-4ECF-918E-6EF50447CF3F}.Release|ARM.Build.0 = Release|ARM
		{3542BC63-A8C3-4ECF-918E-6EF50447CF3F}.Release|x64.ActiveCfg = Release|x64
		{3542BC63-A8C3-4ECF-918E-6EF50447CF3F}.Release|x64.Build.0 = Release|x64
		{3542BC63-A8C3-4ECF-918E-6EF50447CF3F}.Release|x86.ActiveCfg = Release|Win32
		{3542BC63-A8C3-4ECF-918E-6EF50447CF3F}.Release|x86.Build.0 = Release|Win32
	EndGlobalSection
	GlobalSection(SolutionProperties) = preSolution
		HideSolutionNode = FALSE
	EndGlobalSection
	GlobalSection(NestedProjects) = preSolution
		{BB92369C-A4FD-4220-80F9-32A894161D5C} = {B80B666E-9DA6-4A8C-8340-9768ED9303F4}
		{4457C2EE-1588-4190-8643-0716E1CA0148} = {0559B6B3-E309-44B5-BAE0-C20533F7D286}
		{CFBA9269-0C45-4724-9AA4-6465470FB692} = {4457C2EE-1588-4190-8643-0716E1CA0148}
		{774769EA-59EA-44D4-AEB0-4F77EA6BA01B} = {4457C2EE-1588-4190-8643-0716E1CA0148}
		{4F641222-9453-48DD-A4AD-C883CEAA48EC} = {B80B666E-9DA6-4A8C-8340-9768ED9303F4}
		{3542BC63-A8C3-4ECF-918E-6EF50447CF3F} = {B80B666E-9DA6-4A8C-8340-9768ED9303F4}
	EndGlobalSection
EndGlobal
