
Microsoft Visual Studio Solution File, Format Version 12.00
# Visual Studio 2013
VisualStudioVersion = 12.0.30723.0
MinimumVisualStudioVersion = 10.0.40219.1
Project("{FAE04EC0-301F-11D3-BF4B-00C04F79EFBC}") = "DjvuApp.WindowsPhone", "DjvuApp\DjvuApp.WindowsPhone.csproj", "{1433696D-8528-4BDD-8479-5AD35DF8505D}"
EndProject
Project("{8BC9CEB8-8B4A-11D0-8D11-00A0C91BC942}") = "DjvuLibRT.Shared", "DjvuLibRT.Shared\DjvuLibRT.Shared.vcxitems", "{1C7D99F4-51B0-4694-A897-692D18834651}"
EndProject
Project("{8BC9CEB8-8B4A-11D0-8D11-00A0C91BC942}") = "DjvuLibRT.WindowsPhone", "DjvuLibRT.WindowsPhone\DjvuLibRT.WindowsPhone.vcxproj", "{BB92369C-A4FD-4220-80F9-32A894161D5C}"
EndProject
Project("{2150E333-8FDC-42A3-9474-1A3956D46DE8}") = ".nuget", ".nuget", "{0E59AE51-7595-429B-B271-A754135B5931}"
	ProjectSection(SolutionItems) = preProject
		.nuget\NuGet.Config = .nuget\NuGet.Config
		.nuget\NuGet.exe = .nuget\NuGet.exe
		.nuget\NuGet.targets = .nuget\NuGet.targets
	EndProjectSection
EndProject
Project("{2150E333-8FDC-42A3-9474-1A3956D46DE8}") = "Store", "Store", "{9F06FC0A-37F6-424E-B477-2BBD0762863B}"
	ProjectSection(SolutionItems) = preProject
		..\..\..\..\Desktop\pics\StoreLogo300x300.png = ..\..\..\..\Desktop\pics\StoreLogo300x300.png
		..\..\..\..\Desktop\pics\StoreSquareLogo358x358.png = ..\..\..\..\Desktop\pics\StoreSquareLogo358x358.png
		..\..\..\..\Desktop\pics\StoreWideLogo358x173.png = ..\..\..\..\Desktop\pics\StoreWideLogo358x173.png
	EndProjectSection
EndProject
Project("{2150E333-8FDC-42A3-9474-1A3956D46DE8}") = "Screenshots", "Screenshots", "{362BA1C0-508E-4DAF-8E66-ECB0DBB6012B}"
EndProject
Project("{2150E333-8FDC-42A3-9474-1A3956D46DE8}") = "en", "en", "{EE35DA8B-C000-4ED4-9B26-5008A880ACE4}"
	ProjectSection(SolutionItems) = preProject
		..\..\..\..\Desktop\pics\Screenshots\en\1.png = ..\..\..\..\Desktop\pics\Screenshots\en\1.png
		..\..\..\..\Desktop\pics\Screenshots\en\2.png = ..\..\..\..\Desktop\pics\Screenshots\en\2.png
		..\..\..\..\Desktop\pics\Screenshots\en\3.png = ..\..\..\..\Desktop\pics\Screenshots\en\3.png
		..\..\..\..\Desktop\pics\Screenshots\en\4.png = ..\..\..\..\Desktop\pics\Screenshots\en\4.png
		..\..\..\..\Desktop\pics\Screenshots\en\5.png = ..\..\..\..\Desktop\pics\Screenshots\en\5.png
		..\..\..\..\Desktop\pics\Screenshots\en\6.png = ..\..\..\..\Desktop\pics\Screenshots\en\6.png
		..\..\..\..\Desktop\pics\Screenshots\en\7.png = ..\..\..\..\Desktop\pics\Screenshots\en\7.png
		..\..\..\..\Desktop\pics\Screenshots\en\8.png = ..\..\..\..\Desktop\pics\Screenshots\en\8.png
	EndProjectSection
EndProject
Project("{2150E333-8FDC-42A3-9474-1A3956D46DE8}") = "ru", "ru", "{685C6A84-894E-4C60-A8FF-E78007CE597E}"
	ProjectSection(SolutionItems) = preProject
		..\..\..\..\Desktop\pics\Screenshots\ru\1.png = ..\..\..\..\Desktop\pics\Screenshots\ru\1.png
		..\..\..\..\Desktop\pics\Screenshots\ru\2.png = ..\..\..\..\Desktop\pics\Screenshots\ru\2.png
		..\..\..\..\Desktop\pics\Screenshots\ru\3.png = ..\..\..\..\Desktop\pics\Screenshots\ru\3.png
		..\..\..\..\Desktop\pics\Screenshots\ru\4.png = ..\..\..\..\Desktop\pics\Screenshots\ru\4.png
		..\..\..\..\Desktop\pics\Screenshots\ru\5.png = ..\..\..\..\Desktop\pics\Screenshots\ru\5.png
		..\..\..\..\Desktop\pics\Screenshots\ru\6.png = ..\..\..\..\Desktop\pics\Screenshots\ru\6.png
		..\..\..\..\Desktop\pics\Screenshots\ru\7.png = ..\..\..\..\Desktop\pics\Screenshots\ru\7.png
		..\..\..\..\Desktop\pics\Screenshots\ru\8.png = ..\..\..\..\Desktop\pics\Screenshots\ru\8.png
	EndProjectSection
EndProject
Project("{2150E333-8FDC-42A3-9474-1A3956D46DE8}") = "AssetsSources", "AssetsSources", "{0FE46679-88EF-4CB5-BC04-6CCEFAA73FEF}"
	ProjectSection(SolutionItems) = preProject
		..\..\..\..\Desktop\pics\Assets\PageIcon.svg = ..\..\..\..\Desktop\pics\Assets\PageIcon.svg
		..\..\..\..\Desktop\pics\Assets\SmallLogo.svg = ..\..\..\..\Desktop\pics\Assets\SmallLogo.svg
		..\..\..\..\Desktop\pics\Assets\SplashScreen.svg = ..\..\..\..\Desktop\pics\Assets\SplashScreen.svg
		..\..\..\..\Desktop\pics\Assets\Square71x71Logo.svg = ..\..\..\..\Desktop\pics\Assets\Square71x71Logo.svg
		..\..\..\..\Desktop\pics\Assets\StoreLogo.svg = ..\..\..\..\Desktop\pics\Assets\StoreLogo.svg
		..\..\..\..\Desktop\pics\Assets\WideLogo.svg = ..\..\..\..\Desktop\pics\Assets\WideLogo.svg
	EndProjectSection
EndProject
Global
	GlobalSection(SharedMSBuildProjectFiles) = preSolution
		DjvuLibRT.Shared\DjvuLibRT.Shared.vcxitems*{1c7d99f4-51b0-4694-a897-692d18834651}*SharedItemsImports = 9
		DjvuLibRT.Shared\DjvuLibRT.Shared.vcxitems*{bb92369c-a4fd-4220-80f9-32a894161d5c}*SharedItemsImports = 4
	EndGlobalSection
	GlobalSection(SolutionConfigurationPlatforms) = preSolution
		Debug|Any CPU = Debug|Any CPU
		Debug|ARM = Debug|ARM
		Debug|Mixed Platforms = Debug|Mixed Platforms
		Debug|Win32 = Debug|Win32
		Debug|x64 = Debug|x64
		Debug|x86 = Debug|x86
		Fast Debug|Any CPU = Fast Debug|Any CPU
		Fast Debug|ARM = Fast Debug|ARM
		Fast Debug|Mixed Platforms = Fast Debug|Mixed Platforms
		Fast Debug|Win32 = Fast Debug|Win32
		Fast Debug|x64 = Fast Debug|x64
		Fast Debug|x86 = Fast Debug|x86
		Release|Any CPU = Release|Any CPU
		Release|ARM = Release|ARM
		Release|Mixed Platforms = Release|Mixed Platforms
		Release|Win32 = Release|Win32
		Release|x64 = Release|x64
		Release|x86 = Release|x86
	EndGlobalSection
	GlobalSection(ProjectConfigurationPlatforms) = postSolution
		{1433696D-8528-4BDD-8479-5AD35DF8505D}.Debug|Any CPU.ActiveCfg = Debug|Any CPU
		{1433696D-8528-4BDD-8479-5AD35DF8505D}.Debug|Any CPU.Build.0 = Debug|Any CPU
		{1433696D-8528-4BDD-8479-5AD35DF8505D}.Debug|Any CPU.Deploy.0 = Debug|Any CPU
		{1433696D-8528-4BDD-8479-5AD35DF8505D}.Debug|ARM.ActiveCfg = Debug|ARM
		{1433696D-8528-4BDD-8479-5AD35DF8505D}.Debug|ARM.Build.0 = Debug|ARM
		{1433696D-8528-4BDD-8479-5AD35DF8505D}.Debug|ARM.Deploy.0 = Debug|ARM
		{1433696D-8528-4BDD-8479-5AD35DF8505D}.Debug|Mixed Platforms.ActiveCfg = Debug|x86
		{1433696D-8528-4BDD-8479-5AD35DF8505D}.Debug|Mixed Platforms.Build.0 = Debug|x86
		{1433696D-8528-4BDD-8479-5AD35DF8505D}.Debug|Mixed Platforms.Deploy.0 = Debug|x86
		{1433696D-8528-4BDD-8479-5AD35DF8505D}.Debug|Win32.ActiveCfg = Debug|x86
		{1433696D-8528-4BDD-8479-5AD35DF8505D}.Debug|Win32.Build.0 = Debug|x86
		{1433696D-8528-4BDD-8479-5AD35DF8505D}.Debug|Win32.Deploy.0 = Debug|x86
		{1433696D-8528-4BDD-8479-5AD35DF8505D}.Debug|x64.ActiveCfg = Debug|Any CPU
		{1433696D-8528-4BDD-8479-5AD35DF8505D}.Debug|x86.ActiveCfg = Debug|x86
		{1433696D-8528-4BDD-8479-5AD35DF8505D}.Debug|x86.Build.0 = Debug|x86
		{1433696D-8528-4BDD-8479-5AD35DF8505D}.Debug|x86.Deploy.0 = Debug|x86
		{1433696D-8528-4BDD-8479-5AD35DF8505D}.Fast Debug|Any CPU.ActiveCfg = Debug|Any CPU
		{1433696D-8528-4BDD-8479-5AD35DF8505D}.Fast Debug|Any CPU.Build.0 = Debug|Any CPU
		{1433696D-8528-4BDD-8479-5AD35DF8505D}.Fast Debug|Any CPU.Deploy.0 = Debug|Any CPU
		{1433696D-8528-4BDD-8479-5AD35DF8505D}.Fast Debug|ARM.ActiveCfg = Debug|ARM
		{1433696D-8528-4BDD-8479-5AD35DF8505D}.Fast Debug|ARM.Build.0 = Debug|ARM
		{1433696D-8528-4BDD-8479-5AD35DF8505D}.Fast Debug|ARM.Deploy.0 = Debug|ARM
		{1433696D-8528-4BDD-8479-5AD35DF8505D}.Fast Debug|Mixed Platforms.ActiveCfg = Debug|x86
		{1433696D-8528-4BDD-8479-5AD35DF8505D}.Fast Debug|Mixed Platforms.Build.0 = Debug|x86
		{1433696D-8528-4BDD-8479-5AD35DF8505D}.Fast Debug|Mixed Platforms.Deploy.0 = Debug|x86
		{1433696D-8528-4BDD-8479-5AD35DF8505D}.Fast Debug|Win32.ActiveCfg = Debug|x86
		{1433696D-8528-4BDD-8479-5AD35DF8505D}.Fast Debug|Win32.Build.0 = Debug|x86
		{1433696D-8528-4BDD-8479-5AD35DF8505D}.Fast Debug|Win32.Deploy.0 = Debug|x86
		{1433696D-8528-4BDD-8479-5AD35DF8505D}.Fast Debug|x64.ActiveCfg = Debug|Any CPU
		{1433696D-8528-4BDD-8479-5AD35DF8505D}.Fast Debug|x86.ActiveCfg = Debug|x86
		{1433696D-8528-4BDD-8479-5AD35DF8505D}.Fast Debug|x86.Build.0 = Debug|x86
		{1433696D-8528-4BDD-8479-5AD35DF8505D}.Fast Debug|x86.Deploy.0 = Debug|x86
		{1433696D-8528-4BDD-8479-5AD35DF8505D}.Release|Any CPU.ActiveCfg = Release|Any CPU
		{1433696D-8528-4BDD-8479-5AD35DF8505D}.Release|Any CPU.Build.0 = Release|Any CPU
		{1433696D-8528-4BDD-8479-5AD35DF8505D}.Release|Any CPU.Deploy.0 = Release|Any CPU
		{1433696D-8528-4BDD-8479-5AD35DF8505D}.Release|ARM.ActiveCfg = Release|ARM
		{1433696D-8528-4BDD-8479-5AD35DF8505D}.Release|ARM.Build.0 = Release|ARM
		{1433696D-8528-4BDD-8479-5AD35DF8505D}.Release|ARM.Deploy.0 = Release|ARM
		{1433696D-8528-4BDD-8479-5AD35DF8505D}.Release|Mixed Platforms.ActiveCfg = Release|x86
		{1433696D-8528-4BDD-8479-5AD35DF8505D}.Release|Mixed Platforms.Build.0 = Release|x86
		{1433696D-8528-4BDD-8479-5AD35DF8505D}.Release|Mixed Platforms.Deploy.0 = Release|x86
		{1433696D-8528-4BDD-8479-5AD35DF8505D}.Release|Win32.ActiveCfg = Release|x86
		{1433696D-8528-4BDD-8479-5AD35DF8505D}.Release|Win32.Build.0 = Release|x86
		{1433696D-8528-4BDD-8479-5AD35DF8505D}.Release|Win32.Deploy.0 = Release|x86
		{1433696D-8528-4BDD-8479-5AD35DF8505D}.Release|x64.ActiveCfg = Release|Any CPU
		{1433696D-8528-4BDD-8479-5AD35DF8505D}.Release|x86.ActiveCfg = Release|x86
		{1433696D-8528-4BDD-8479-5AD35DF8505D}.Release|x86.Build.0 = Release|x86
		{1433696D-8528-4BDD-8479-5AD35DF8505D}.Release|x86.Deploy.0 = Release|x86
		{BB92369C-A4FD-4220-80F9-32A894161D5C}.Debug|Any CPU.ActiveCfg = Debug|Win32
		{BB92369C-A4FD-4220-80F9-32A894161D5C}.Debug|ARM.ActiveCfg = Debug|ARM
		{BB92369C-A4FD-4220-80F9-32A894161D5C}.Debug|ARM.Build.0 = Debug|ARM
		{BB92369C-A4FD-4220-80F9-32A894161D5C}.Debug|Mixed Platforms.ActiveCfg = Debug|Win32
		{BB92369C-A4FD-4220-80F9-32A894161D5C}.Debug|Mixed Platforms.Build.0 = Debug|Win32
		{BB92369C-A4FD-4220-80F9-32A894161D5C}.Debug|Win32.ActiveCfg = Debug|Win32
		{BB92369C-A4FD-4220-80F9-32A894161D5C}.Debug|Win32.Build.0 = Debug|Win32
		{BB92369C-A4FD-4220-80F9-32A894161D5C}.Debug|x64.ActiveCfg = Debug|Win32
		{BB92369C-A4FD-4220-80F9-32A894161D5C}.Debug|x86.ActiveCfg = Debug|Win32
		{BB92369C-A4FD-4220-80F9-32A894161D5C}.Debug|x86.Build.0 = Debug|Win32
		{BB92369C-A4FD-4220-80F9-32A894161D5C}.Fast Debug|Any CPU.ActiveCfg = Debug|Win32
		{BB92369C-A4FD-4220-80F9-32A894161D5C}.Fast Debug|ARM.ActiveCfg = Release|ARM
		{BB92369C-A4FD-4220-80F9-32A894161D5C}.Fast Debug|ARM.Build.0 = Release|ARM
		{BB92369C-A4FD-4220-80F9-32A894161D5C}.Fast Debug|Mixed Platforms.ActiveCfg = Debug|Win32
		{BB92369C-A4FD-4220-80F9-32A894161D5C}.Fast Debug|Mixed Platforms.Build.0 = Debug|Win32
		{BB92369C-A4FD-4220-80F9-32A894161D5C}.Fast Debug|Win32.ActiveCfg = Debug|Win32
		{BB92369C-A4FD-4220-80F9-32A894161D5C}.Fast Debug|Win32.Build.0 = Debug|Win32
		{BB92369C-A4FD-4220-80F9-32A894161D5C}.Fast Debug|x64.ActiveCfg = Debug|Win32
		{BB92369C-A4FD-4220-80F9-32A894161D5C}.Fast Debug|x86.ActiveCfg = Debug|Win32
		{BB92369C-A4FD-4220-80F9-32A894161D5C}.Fast Debug|x86.Build.0 = Debug|Win32
		{BB92369C-A4FD-4220-80F9-32A894161D5C}.Release|Any CPU.ActiveCfg = Release|Win32
		{BB92369C-A4FD-4220-80F9-32A894161D5C}.Release|ARM.ActiveCfg = Release|ARM
		{BB92369C-A4FD-4220-80F9-32A894161D5C}.Release|ARM.Build.0 = Release|ARM
		{BB92369C-A4FD-4220-80F9-32A894161D5C}.Release|Mixed Platforms.ActiveCfg = Release|Win32
		{BB92369C-A4FD-4220-80F9-32A894161D5C}.Release|Mixed Platforms.Build.0 = Release|Win32
		{BB92369C-A4FD-4220-80F9-32A894161D5C}.Release|Win32.ActiveCfg = Release|Win32
		{BB92369C-A4FD-4220-80F9-32A894161D5C}.Release|Win32.Build.0 = Release|Win32
		{BB92369C-A4FD-4220-80F9-32A894161D5C}.Release|x64.ActiveCfg = Release|Win32
		{BB92369C-A4FD-4220-80F9-32A894161D5C}.Release|x86.ActiveCfg = Release|Win32
		{BB92369C-A4FD-4220-80F9-32A894161D5C}.Release|x86.Build.0 = Release|Win32
	EndGlobalSection
	GlobalSection(SolutionProperties) = preSolution
		HideSolutionNode = FALSE
	EndGlobalSection
	GlobalSection(NestedProjects) = preSolution
		{362BA1C0-508E-4DAF-8E66-ECB0DBB6012B} = {9F06FC0A-37F6-424E-B477-2BBD0762863B}
		{EE35DA8B-C000-4ED4-9B26-5008A880ACE4} = {362BA1C0-508E-4DAF-8E66-ECB0DBB6012B}
		{685C6A84-894E-4C60-A8FF-E78007CE597E} = {362BA1C0-508E-4DAF-8E66-ECB0DBB6012B}
	EndGlobalSection
EndGlobal
